
Microsoft Visual Studio Solution File, Format Version 12.00
# Visual Studio Version 16
VisualStudioVersion = 16.0.32929.386
MinimumVisualStudioVersion = 10.0.40219.1
Project("{FAE04EC0-301F-11D3-BF4B-00C04F79EFBC}") = "Task1", "Task1\Task1.csproj", "{FDD7CD66-D762-401B-A649-606D2529E9CE}"
EndProject
Global
	GlobalSection(SolutionConfigurationPlatforms) = preSolution
		Debug|Any CPU = Debug|Any CPU
		Release|Any CPU = Release|Any CPU
	EndGlobalSection
	GlobalSection(ProjectConfigurationPlatforms) = postSolution
		{FDD7CD66-D762-401B-A649-606D2529E9CE}.Debug|Any CPU.ActiveCfg = Debug|Any CPU
		{FDD7CD66-D762-401B-A649-606D2529E9CE}.Debug|Any CPU.Build.0 = Debug|Any CPU
		{FDD7CD66-D762-401B-A649-606D2529E9CE}.Release|Any CPU.ActiveCfg = Release|Any CPU
		{FDD7CD66-D762-401B-A649-606D2529E9CE}.Release|Any CPU.Build.0 = Release|Any CPU
	EndGlobalSection
	GlobalSection(SolutionProperties) = preSolution
		HideSolutionNode = FALSE
	EndGlobalSection
	GlobalSection(ExtensibilityGlobals) = postSolution
		SolutionGuid = {48BEF407-16D7-4583-9616-83C30D4CE448}
	EndGlobalSection
EndGlobal
